{
  "name": "usercom-node-sdk",
  "version": "1.0.0",
  "lockfileVersion": 1,
  "requires": true,
  "dependencies": {
    "@tsconfig/node10": {
      "version": "1.0.7",
      "resolved": "https://registry.npmjs.org/@tsconfig/node10/-/node10-1.0.7.tgz",
      "integrity": "sha512-aBvUmXLQbayM4w3A8TrjwrXs4DZ8iduJnuJLLRGdkWlyakCf1q6uHZJBzXoRA/huAEknG5tcUyQxN3A+In5euQ==",
      "dev": true
    },
    "@tsconfig/node12": {
      "version": "1.0.7",
      "resolved": "https://registry.npmjs.org/@tsconfig/node12/-/node12-1.0.7.tgz",
      "integrity": "sha512-dgasobK/Y0wVMswcipr3k0HpevxFJLijN03A8mYfEPvWvOs14v0ZlYTR4kIgMx8g4+fTyTFv8/jLCIfRqLDJ4A==",
      "dev": true
    },
    "@tsconfig/node14": {
      "version": "1.0.0",
      "resolved": "https://registry.npmjs.org/@tsconfig/node14/-/node14-1.0.0.tgz",
      "integrity": "sha512-RKkL8eTdPv6t5EHgFKIVQgsDapugbuOptNd9OOunN/HAkzmmTnZELx1kNCK0rSdUYGmiFMM3rRQMAWiyp023LQ==",
      "dev": true
    },
    "@tsconfig/node16": {
      "version": "1.0.1",
      "resolved": "https://registry.npmjs.org/@tsconfig/node16/-/node16-1.0.1.tgz",
      "integrity": "sha512-FTgBI767POY/lKNDNbIzgAX6miIDBs6NTCbdlDb8TrWovHsSvaVIZDlTqym29C6UqhzwcJx4CYr+AlrMywA0cA==",
      "dev": true
    },
    "@types/axios": {
      "version": "0.14.0",
      "resolved": "https://registry.npmjs.org/@types/axios/-/axios-0.14.0.tgz",
      "integrity": "sha1-7CMA++fX3d1+udOr+HmZlkyvzkY=",
      "dev": true,
      "requires": {
        "axios": "*"
      }
    },
    "@types/node": {
      "version": "15.0.1",
      "resolved": "https://registry.npmjs.org/@types/node/-/node-15.0.1.tgz",
      "integrity": "sha512-TMkXt0Ck1y0KKsGr9gJtWGjttxlZnnvDtphxUOSd0bfaR6Q1jle+sPvrzNR1urqYTWMinoKvjKfXUGsumaO1PA==",
      "dev": true
    },
    "@types/retry": {
      "version": "0.12.0",
      "resolved": "https://registry.npmjs.org/@types/retry/-/retry-0.12.0.tgz",
      "integrity": "sha512-wWKOClTTiizcZhXnPY4wikVAwmdYHp8q6DmC+EJUzAMsycb7HB32Kh9RN4+0gExjmPmZSAQjgURXIGATPegAvA=="
    },
    "arg": {
      "version": "4.1.3",
      "resolved": "https://registry.npmjs.org/arg/-/arg-4.1.3.tgz",
      "integrity": "sha512-58S9QDqG0Xx27YwPSt9fJxivjYl432YCwfDMfZ+71RAqUrZef7LrKQZ3LHLOwCS4FLNBplP533Zx895SeOCHvA==",
      "dev": true
    },
    "axios": {
      "version": "0.21.1",
      "resolved": "https://registry.npmjs.org/axios/-/axios-0.21.1.tgz",
      "integrity": "sha512-dKQiRHxGD9PPRIUNIWvZhPTPpl1rf/OxTYKsqKUDjBwYylTvV7SjSHJb9ratfyzM6wCdLCOYLzs73qpg5c4iGA==",
      "requires": {
        "follow-redirects": "^1.10.0"
      }
    },
    "axios-retry": {
      "version": "3.1.9",
      "resolved": "https://registry.npmjs.org/axios-retry/-/axios-retry-3.1.9.tgz",
      "integrity": "sha512-NFCoNIHq8lYkJa6ku4m+V1837TP6lCa7n79Iuf8/AqATAHYB0ISaAS1eyIenDOfHOLtym34W65Sjke2xjg2fsA==",
      "requires": {
        "is-retry-allowed": "^1.1.0"
      }
    },
    "buffer-from": {
      "version": "1.1.1",
      "resolved": "https://registry.npmjs.org/buffer-from/-/buffer-from-1.1.1.tgz",
      "integrity": "sha512-MQcXEUbCKtEo7bhqEs6560Hyd4XaovZlO/k9V3hjVUF/zwW7KBVdSK4gIt/bzwS9MbR5qob+F5jusZsb0YQK2A==",
      "dev": true
    },
    "create-require": {
      "version": "1.1.1",
      "resolved": "https://registry.npmjs.org/create-require/-/create-require-1.1.1.tgz",
      "integrity": "sha512-dcKFX3jn0MpIaXjisoRvexIJVEKzaq7z2rZKxf+MSr9TkdmHmsU4m2lcLojrj/FHl8mk5VxMmYA+ftRkP/3oKQ==",
      "dev": true
    },
    "delay": {
      "version": "5.0.0",
      "resolved": "https://registry.npmjs.org/delay/-/delay-5.0.0.tgz",
      "integrity": "sha512-ReEBKkIfe4ya47wlPYf/gu5ib6yUG0/Aez0JQZQz94kiWtRQvZIQbTiehsnwHvLSWJnQdhVeqYue7Id1dKr0qw=="
    },
    "diff": {
      "version": "4.0.2",
      "resolved": "https://registry.npmjs.org/diff/-/diff-4.0.2.tgz",
      "integrity": "sha512-58lmxKSA4BNyLz+HHMUzlOEpg09FV+ev6ZMe3vJihgdxzgcwZ8VoEEPmALCZG9LmqfVoNMMKpttIYTVG6uDY7A==",
      "dev": true
    },
    "eventemitter3": {
      "version": "4.0.7",
      "resolved": "https://registry.npmjs.org/eventemitter3/-/eventemitter3-4.0.7.tgz",
      "integrity": "sha512-8guHBZCwKnFhYdHr2ysuRWErTwhoN2X8XELRlrRwpmfeY2jjuUN4taQMsULKUVo1K4DvZl+0pgfyoysHxvmvEw=="
    },
    "follow-redirects": {
      "version": "1.14.0",
      "resolved": "https://registry.npmjs.org/follow-redirects/-/follow-redirects-1.14.0.tgz",
      "integrity": "sha512-0vRwd7RKQBTt+mgu87mtYeofLFZpTas2S9zY+jIeuLJMNvudIgF52nr19q40HOwH5RrhWIPuj9puybzSJiRrVg=="
    },
    "is-retry-allowed": {
      "version": "1.2.0",
      "resolved": "https://registry.npmjs.org/is-retry-allowed/-/is-retry-allowed-1.2.0.tgz",
      "integrity": "sha512-RUbUeKwvm3XG2VYamhJL1xFktgjvPzL0Hq8C+6yrWIswDy3BIXGqCxhxkc30N9jqK311gVU137K8Ei55/zVJRg=="
    },
    "make-error": {
      "version": "1.3.6",
      "resolved": "https://registry.npmjs.org/make-error/-/make-error-1.3.6.tgz",
      "integrity": "sha512-s8UhlNe7vPKomQhC1qFelMokr/Sc3AgNbso3n74mVPA5LTZwkB9NlXf4XPamLxJE8h0gh73rM94xvwRT2CVInw==",
      "dev": true
    },
    "p-finally": {
      "version": "1.0.0",
      "resolved": "https://registry.npmjs.org/p-finally/-/p-finally-1.0.0.tgz",
      "integrity": "sha1-P7z7FbiZpEEjs0ttzBi3JDNqLK4="
    },
    "p-queue": {
      "version": "6.6.2",
      "resolved": "https://registry.npmjs.org/p-queue/-/p-queue-6.6.2.tgz",
      "integrity": "sha512-RwFpb72c/BhQLEXIZ5K2e+AhgNVmIejGlTgiB9MzZ0e93GRvqZ7uSi0dvRF7/XIXDeNkra2fNHBxTyPDGySpjQ==",
      "requires": {
        "eventemitter3": "^4.0.4",
        "p-timeout": "^3.2.0"
      }
    },
    "p-retry": {
      "version": "4.5.0",
      "resolved": "https://registry.npmjs.org/p-retry/-/p-retry-4.5.0.tgz",
      "integrity": "sha512-5Hwh4aVQSu6BEP+w2zKlVXtFAaYQe1qWuVADSgoeVlLjwe/Q/AMSoRR4MDeaAfu8llT+YNbEijWu/YF3m6avkg==",
      "requires": {
        "@types/retry": "^0.12.0",
        "retry": "^0.12.0"
      }
    },
    "p-timeout": {
      "version": "3.2.0",
      "resolved": "https://registry.npmjs.org/p-timeout/-/p-timeout-3.2.0.tgz",
      "integrity": "sha512-rhIwUycgwwKcP9yTOOFK/AKsAopjjCakVqLHePO3CC6Mir1Z99xT+R63jZxAT5lFZLa2inS5h+ZS2GvR99/FBg==",
      "requires": {
        "p-finally": "^1.0.0"
      }
    },
    "retry": {
      "version": "0.12.0",
      "resolved": "https://registry.npmjs.org/retry/-/retry-0.12.0.tgz",
      "integrity": "sha1-G0KmJmoh8HQh0bC1S33BZ7AcATs="
    },
    "source-map": {
      "version": "0.6.1",
      "resolved": "https://registry.npmjs.org/source-map/-/source-map-0.6.1.tgz",
      "integrity": "sha512-UjgapumWlbMhkBgzT7Ykc5YXUT46F0iKu8SGXq0bcwP5dz/h0Plj6enJqjz1Zbq2l5WaqYnrVbwWOWMyF3F47g==",
      "dev": true
    },
    "source-map-support": {
      "version": "0.5.19",
      "resolved": "https://registry.npmjs.org/source-map-support/-/source-map-support-0.5.19.tgz",
      "integrity": "sha512-Wonm7zOCIJzBGQdB+thsPar0kYuCIzYvxZwlBa87yi/Mdjv7Tip2cyVbLj5o0cFPN4EVkuTwb3GDDyUx2DGnGw==",
      "dev": true,
      "requires": {
        "buffer-from": "^1.0.0",
        "source-map": "^0.6.0"
      }
    },
    "ts-node": {
      "version": "10.0.0",
      "resolved": "https://registry.npmjs.org/ts-node/-/ts-node-10.0.0.tgz",
      "integrity": "sha512-ROWeOIUvfFbPZkoDis0L/55Fk+6gFQNZwwKPLinacRl6tsxstTF1DbAcLKkovwnpKMVvOMHP1TIbnwXwtLg1gg==",
      "dev": true,
      "requires": {
        "@tsconfig/node10": "^1.0.7",
        "@tsconfig/node12": "^1.0.7",
        "@tsconfig/node14": "^1.0.0",
        "@tsconfig/node16": "^1.0.1",
        "arg": "^4.1.0",
        "create-require": "^1.1.0",
        "diff": "^4.0.1",
        "make-error": "^1.1.1",
        "source-map-support": "^0.5.17",
        "yn": "3.1.1"
      }
    },
    "typescript": {
      "version": "4.2.4",
      "resolved": "https://registry.npmjs.org/typescript/-/typescript-4.2.4.tgz",
      "integrity": "sha512-V+evlYHZnQkaz8TRBuxTA92yZBPotr5H+WhQ7bD3hZUndx5tGOa1fuCgeSjxAzM1RiN5IzvadIXTVefuuwZCRg==",
      "dev": true
    },
    "yn": {
      "version": "3.1.1",
      "resolved": "https://registry.npmjs.org/yn/-/yn-3.1.1.tgz",
      "integrity": "sha512-Ux4ygGWsu2c7isFWe8Yu1YluJmqVhxqK2cLXNQA5AcC3QfbGNpM7fu0Y8b/z16pXLnFxZYvWhd3fhBY9DLmC6Q==",
      "dev": true
    }
  }
}
